
Microsoft Visual Studio Solution File, Format Version 12.00
# Visual Studio Version 16
VisualStudioVersion = 16.0.31729.503
MinimumVisualStudioVersion = 10.0.40219.1
Project("{FAE04EC0-301F-11D3-BF4B-00C04F79EFBC}") = "Enoca2.Presentation", "Enoca2.Presentation\Enoca2.Presentation.csproj", "{294A21B3-22CA-40BC-80D3-798BD6D79957}"
EndProject
Project("{FAE04EC0-301F-11D3-BF4B-00C04F79EFBC}") = "Enoca2.Entities", "Enoca2.Entities\Enoca2.Entities.csproj", "{82EECA84-7712-4312-8E57-07B7DD517048}"
EndProject
Project("{FAE04EC0-301F-11D3-BF4B-00C04F79EFBC}") = "Enoca2.DataAccess", "Enoca2.DataAccess\Enoca2.DataAccess.csproj", "{ACC2135C-F908-4EE8-91A6-E73A1AE909A5}"
EndProject
Project("{FAE04EC0-301F-11D3-BF4B-00C04F79EFBC}") = "Enoca2.Core", "Enoca2.Core\Enoca2.Core.csproj", "{8D1BBCE9-448B-438F-B124-E7B408C29649}"
EndProject
Project("{FAE04EC0-301F-11D3-BF4B-00C04F79EFBC}") = "Enoca2.Business", "Enoca2.Business\Enoca2.Business.csproj", "{3973F673-9640-4D92-AA70-833BE5A95609}"
EndProject
Global
	GlobalSection(SolutionConfigurationPlatforms) = preSolution
		Debug|Any CPU = Debug|Any CPU
		Release|Any CPU = Release|Any CPU
	EndGlobalSection
	GlobalSection(ProjectConfigurationPlatforms) = postSolution
		{294A21B3-22CA-40BC-80D3-798BD6D79957}.Debug|Any CPU.ActiveCfg = Debug|Any CPU
		{294A21B3-22CA-40BC-80D3-798BD6D79957}.Debug|Any CPU.Build.0 = Debug|Any CPU
		{294A21B3-22CA-40BC-80D3-798BD6D79957}.Release|Any CPU.ActiveCfg = Release|Any CPU
		{294A21B3-22CA-40BC-80D3-798BD6D79957}.Release|Any CPU.Build.0 = Release|Any CPU
		{82EECA84-7712-4312-8E57-07B7DD517048}.Debug|Any CPU.ActiveCfg = Debug|Any CPU
		{82EECA84-7712-4312-8E57-07B7DD517048}.Debug|Any CPU.Build.0 = Debug|Any CPU
		{82EECA84-7712-4312-8E57-07B7DD517048}.Release|Any CPU.ActiveCfg = Release|Any CPU
		{82EECA84-7712-4312-8E57-07B7DD517048}.Release|Any CPU.Build.0 = Release|Any CPU
		{ACC2135C-F908-4EE8-91A6-E73A1AE909A5}.Debug|Any CPU.ActiveCfg = Debug|Any CPU
		{ACC2135C-F908-4EE8-91A6-E73A1AE909A5}.Debug|Any CPU.Build.0 = Debug|Any CPU
		{ACC2135C-F908-4EE8-91A6-E73A1AE909A5}.Release|Any CPU.ActiveCfg = Release|Any CPU
		{ACC2135C-F908-4EE8-91A6-E73A1AE909A5}.Release|Any CPU.Build.0 = Release|Any CPU
		{8D1BBCE9-448B-438F-B124-E7B408C29649}.Debug|Any CPU.ActiveCfg = Debug|Any CPU
		{8D1BBCE9-448B-438F-B124-E7B408C29649}.Debug|Any CPU.Build.0 = Debug|Any CPU
		{8D1BBCE9-448B-438F-B124-E7B408C29649}.Release|Any CPU.ActiveCfg = Release|Any CPU
		{8D1BBCE9-448B-438F-B124-E7B408C29649}.Release|Any CPU.Build.0 = Release|Any CPU
		{3973F673-9640-4D92-AA70-833BE5A95609}.Debug|Any CPU.ActiveCfg = Debug|Any CPU
		{3973F673-9640-4D92-AA70-833BE5A95609}.Debug|Any CPU.Build.0 = Debug|Any CPU
		{3973F673-9640-4D92-AA70-833BE5A95609}.Release|Any CPU.ActiveCfg = Release|Any CPU
		{3973F673-9640-4D92-AA70-833BE5A95609}.Release|Any CPU.Build.0 = Release|Any CPU
	EndGlobalSection
	GlobalSection(SolutionProperties) = preSolution
		HideSolutionNode = FALSE
	EndGlobalSection
	GlobalSection(ExtensibilityGlobals) = postSolution
		SolutionGuid = {B3C95159-86F8-44C2-B4DC-58FC8F74CA7E}
	EndGlobalSection
EndGlobal
